
Microsoft Visual Studio Solution File, Format Version 12.00
# Visual Studio 15
Project("{FAE04EC0-301F-11D3-BF4B-00C04F79EFBC}") = "Assembly-CSharp", "Assembly-CSharp.csproj", "{73BF3E00-EDB0-0437-BC31-DCD1340A12EA}"
EndProject
Project("{FAE04EC0-301F-11D3-BF4B-00C04F79EFBC}") = "Assembly-CSharp-Editor", "Assembly-CSharp-Editor.csproj", "{77A66375-0722-536D-BB6D-4458660FA4E5}"
EndProject
Global
	GlobalSection(SolutionConfigurationPlatforms) = preSolution
		Debug|Any CPU = Debug|Any CPU
		Release|Any CPU = Release|Any CPU
	EndGlobalSection
	GlobalSection(ProjectConfigurationPlatforms) = postSolution
		{73BF3E00-EDB0-0437-BC31-DCD1340A12EA}.Debug|Any CPU.ActiveCfg = Debug|Any CPU
		{73BF3E00-EDB0-0437-BC31-DCD1340A12EA}.Debug|Any CPU.Build.0 = Debug|Any CPU
		{73BF3E00-EDB0-0437-BC31-DCD1340A12EA}.Release|Any CPU.ActiveCfg = Release|Any CPU
		{73BF3E00-EDB0-0437-BC31-DCD1340A12EA}.Release|Any CPU.Build.0 = Release|Any CPU
		{77A66375-0722-536D-BB6D-4458660FA4E5}.Debug|Any CPU.ActiveCfg = Debug|Any CPU
		{77A66375-0722-536D-BB6D-4458660FA4E5}.Debug|Any CPU.Build.0 = Debug|Any CPU
		{77A66375-0722-536D-BB6D-4458660FA4E5}.Release|Any CPU.ActiveCfg = Release|Any CPU
		{77A66375-0722-536D-BB6D-4458660FA4E5}.Release|Any CPU.Build.0 = Release|Any CPU
	EndGlobalSection
	GlobalSection(SolutionProperties) = preSolution
		HideSolutionNode = FALSE
	EndGlobalSection
EndGlobal
